// !$*UTF8*$!
{
	archiveVersion = 1;
	classes = {
	};
	objectVersion = 56;
	objects = {

/* Begin PBXBuildFile section */
		79004A4B29F16D2B0055DCBC /* WhatToEatApp.swift in Sources */ = {isa = PBXBuildFile; fileRef = 79004A4A29F16D2B0055DCBC /* WhatToEatApp.swift */; };
		79004A4F29F16D2C0055DCBC /* Assets.xcassets in Resources */ = {isa = PBXBuildFile; fileRef = 79004A4E29F16D2C0055DCBC /* Assets.xcassets */; };
		79004A5229F16D2C0055DCBC /* Preview Assets.xcassets in Resources */ = {isa = PBXBuildFile; fileRef = 79004A5129F16D2C0055DCBC /* Preview Assets.xcassets */; };
		79004A5429F16D2C0055DCBC /* Persistence.swift in Sources */ = {isa = PBXBuildFile; fileRef = 79004A5329F16D2C0055DCBC /* Persistence.swift */; };
		79004A5729F16D2C0055DCBC /* WhatToEat.xcdatamodeld in Sources */ = {isa = PBXBuildFile; fileRef = 79004A5529F16D2C0055DCBC /* WhatToEat.xcdatamodeld */; };
		79004A5F29F16DFE0055DCBC /* Recipe.swift in Sources */ = {isa = PBXBuildFile; fileRef = 79004A5E29F16DFE0055DCBC /* Recipe.swift */; };
		79004A6229F16EB20055DCBC /* GPTRequest.swift in Sources */ = {isa = PBXBuildFile; fileRef = 79004A6129F16EB20055DCBC /* GPTRequest.swift */; };
		79004A6D29F170FD0055DCBC /* WhatToEatTests.swift in Sources */ = {isa = PBXBuildFile; fileRef = 79004A6C29F170FD0055DCBC /* WhatToEatTests.swift */; };
		79004A7529F17CF20055DCBC /* JSONUtilities.swift in Sources */ = {isa = PBXBuildFile; fileRef = 79004A7429F17CF20055DCBC /* JSONUtilities.swift */; };
		79004A7729F180590055DCBC /* DALLERequest.swift in Sources */ = {isa = PBXBuildFile; fileRef = 79004A7629F180590055DCBC /* DALLERequest.swift */; };
		79004A7A29F188C70055DCBC /* RecipeScreen.swift in Sources */ = {isa = PBXBuildFile; fileRef = 79004A7929F188C70055DCBC /* RecipeScreen.swift */; };
		79004A7C29F195F60055DCBC /* MakeRecipeScreen.swift in Sources */ = {isa = PBXBuildFile; fileRef = 79004A7B29F195F60055DCBC /* MakeRecipeScreen.swift */; };
		79004A7E29F1A1240055DCBC /* GeneratingRecipeScreen.swift in Sources */ = {isa = PBXBuildFile; fileRef = 79004A7D29F1A1240055DCBC /* GeneratingRecipeScreen.swift */; };
		79004A8029F1E7BF0055DCBC /* ProfileScreen.swift in Sources */ = {isa = PBXBuildFile; fileRef = 79004A7F29F1E7BF0055DCBC /* ProfileScreen.swift */; };
		79004A8229F1E8150055DCBC /* EatNowScreen.swift in Sources */ = {isa = PBXBuildFile; fileRef = 79004A8129F1E8150055DCBC /* EatNowScreen.swift */; };
		79004A8529F1E8B90055DCBC /* TextStyles.swift in Sources */ = {isa = PBXBuildFile; fileRef = 79004A8429F1E8B90055DCBC /* TextStyles.swift */; };
		79004A8829F1EC1A0055DCBC /* Persistance+Recipe.swift in Sources */ = {isa = PBXBuildFile; fileRef = 79004A8729F1EC1A0055DCBC /* Persistance+Recipe.swift */; };
		79004A8B29F1F77F0055DCBC /* RecipeCell.swift in Sources */ = {isa = PBXBuildFile; fileRef = 79004A8A29F1F77F0055DCBC /* RecipeCell.swift */; };
		795F5EE529F6EA6300A3717B /* PersistanceController+Preview.swift in Sources */ = {isa = PBXBuildFile; fileRef = 795F5EE429F6EA6300A3717B /* PersistanceController+Preview.swift */; };
		79FB93A929F53E7200F58CD3 /* DiataryPattern.swift in Sources */ = {isa = PBXBuildFile; fileRef = 79FB93A829F53E7200F58CD3 /* DiataryPattern.swift */; };
/* End PBXBuildFile section */

/* Begin PBXContainerItemProxy section */
		79004A6E29F170FD0055DCBC /* PBXContainerItemProxy */ = {
			isa = PBXContainerItemProxy;
			containerPortal = 79004A3F29F16D2B0055DCBC /* Project object */;
			proxyType = 1;
			remoteGlobalIDString = 79004A4629F16D2B0055DCBC;
			remoteInfo = WhatToEat;
		};
/* End PBXContainerItemProxy section */

/* Begin PBXFileReference section */
		79004A4729F16D2B0055DCBC /* WhatToEat.app */ = {isa = PBXFileReference; explicitFileType = wrapper.application; includeInIndex = 0; path = WhatToEat.app; sourceTree = BUILT_PRODUCTS_DIR; };
		79004A4A29F16D2B0055DCBC /* WhatToEatApp.swift */ = {isa = PBXFileReference; lastKnownFileType = sourcecode.swift; path = WhatToEatApp.swift; sourceTree = "<group>"; };
		79004A4E29F16D2C0055DCBC /* Assets.xcassets */ = {isa = PBXFileReference; lastKnownFileType = folder.assetcatalog; path = Assets.xcassets; sourceTree = "<group>"; };
		79004A5129F16D2C0055DCBC /* Preview Assets.xcassets */ = {isa = PBXFileReference; lastKnownFileType = folder.assetcatalog; path = "Preview Assets.xcassets"; sourceTree = "<group>"; };
		79004A5329F16D2C0055DCBC /* Persistence.swift */ = {isa = PBXFileReference; lastKnownFileType = sourcecode.swift; path = Persistence.swift; sourceTree = "<group>"; };
		79004A5629F16D2C0055DCBC /* WhatToEat.xcdatamodel */ = {isa = PBXFileReference; lastKnownFileType = wrapper.xcdatamodel; path = WhatToEat.xcdatamodel; sourceTree = "<group>"; };
		79004A5829F16D2C0055DCBC /* Info.plist */ = {isa = PBXFileReference; lastKnownFileType = text.plist.xml; path = Info.plist; sourceTree = "<group>"; };
		79004A5E29F16DFE0055DCBC /* Recipe.swift */ = {isa = PBXFileReference; lastKnownFileType = sourcecode.swift; path = Recipe.swift; sourceTree = "<group>"; };
		79004A6129F16EB20055DCBC /* GPTRequest.swift */ = {isa = PBXFileReference; lastKnownFileType = sourcecode.swift; path = GPTRequest.swift; sourceTree = "<group>"; };
		79004A6A29F170FD0055DCBC /* WhatToEatTests.xctest */ = {isa = PBXFileReference; explicitFileType = wrapper.cfbundle; includeInIndex = 0; path = WhatToEatTests.xctest; sourceTree = BUILT_PRODUCTS_DIR; };
		79004A6C29F170FD0055DCBC /* WhatToEatTests.swift */ = {isa = PBXFileReference; lastKnownFileType = sourcecode.swift; path = WhatToEatTests.swift; sourceTree = "<group>"; };
		79004A7429F17CF20055DCBC /* JSONUtilities.swift */ = {isa = PBXFileReference; lastKnownFileType = sourcecode.swift; path = JSONUtilities.swift; sourceTree = "<group>"; };
		79004A7629F180590055DCBC /* DALLERequest.swift */ = {isa = PBXFileReference; lastKnownFileType = sourcecode.swift; path = DALLERequest.swift; sourceTree = "<group>"; };
		79004A7929F188C70055DCBC /* RecipeScreen.swift */ = {isa = PBXFileReference; lastKnownFileType = sourcecode.swift; path = RecipeScreen.swift; sourceTree = "<group>"; };
		79004A7B29F195F60055DCBC /* MakeRecipeScreen.swift */ = {isa = PBXFileReference; lastKnownFileType = sourcecode.swift; path = MakeRecipeScreen.swift; sourceTree = "<group>"; };
		79004A7D29F1A1240055DCBC /* GeneratingRecipeScreen.swift */ = {isa = PBXFileReference; lastKnownFileType = sourcecode.swift; path = GeneratingRecipeScreen.swift; sourceTree = "<group>"; };
		79004A7F29F1E7BF0055DCBC /* ProfileScreen.swift */ = {isa = PBXFileReference; lastKnownFileType = sourcecode.swift; path = ProfileScreen.swift; sourceTree = "<group>"; };
		79004A8129F1E8150055DCBC /* EatNowScreen.swift */ = {isa = PBXFileReference; lastKnownFileType = sourcecode.swift; path = EatNowScreen.swift; sourceTree = "<group>"; };
		79004A8429F1E8B90055DCBC /* TextStyles.swift */ = {isa = PBXFileReference; lastKnownFileType = sourcecode.swift; path = TextStyles.swift; sourceTree = "<group>"; };
		79004A8729F1EC1A0055DCBC /* Persistance+Recipe.swift */ = {isa = PBXFileReference; lastKnownFileType = sourcecode.swift; path = "Persistance+Recipe.swift"; sourceTree = "<group>"; };
		79004A8A29F1F77F0055DCBC /* RecipeCell.swift */ = {isa = PBXFileReference; lastKnownFileType = sourcecode.swift; path = RecipeCell.swift; sourceTree = "<group>"; };
		795F5EE429F6EA6300A3717B /* PersistanceController+Preview.swift */ = {isa = PBXFileReference; lastKnownFileType = sourcecode.swift; path = "PersistanceController+Preview.swift"; sourceTree = "<group>"; };
		79FB93A829F53E7200F58CD3 /* DiataryPattern.swift */ = {isa = PBXFileReference; lastKnownFileType = sourcecode.swift; path = DiataryPattern.swift; sourceTree = "<group>"; };
/* End PBXFileReference section */

/* Begin PBXFrameworksBuildPhase section */
		79004A4429F16D2B0055DCBC /* Frameworks */ = {
			isa = PBXFrameworksBuildPhase;
			buildActionMask = 2147483647;
			files = (
			);
			runOnlyForDeploymentPostprocessing = 0;
		};
		79004A6729F170FD0055DCBC /* Frameworks */ = {
			isa = PBXFrameworksBuildPhase;
			buildActionMask = 2147483647;
			files = (
			);
			runOnlyForDeploymentPostprocessing = 0;
		};
/* End PBXFrameworksBuildPhase section */

/* Begin PBXGroup section */
		79004A3E29F16D2B0055DCBC = {
			isa = PBXGroup;
			children = (
				79004A4929F16D2B0055DCBC /* WhatToEat */,
				79004A6B29F170FD0055DCBC /* WhatToEatTests */,
				79004A4829F16D2B0055DCBC /* Products */,
			);
			sourceTree = "<group>";
		};
		79004A4829F16D2B0055DCBC /* Products */ = {
			isa = PBXGroup;
			children = (
				79004A4729F16D2B0055DCBC /* WhatToEat.app */,
				79004A6A29F170FD0055DCBC /* WhatToEatTests.xctest */,
			);
			name = Products;
			sourceTree = "<group>";
		};
		79004A4929F16D2B0055DCBC /* WhatToEat */ = {
			isa = PBXGroup;
			children = (
				79004A5829F16D2C0055DCBC /* Info.plist */,
				79004A4A29F16D2B0055DCBC /* WhatToEatApp.swift */,
				79004A4E29F16D2C0055DCBC /* Assets.xcassets */,
				79004A8629F1EB030055DCBC /* Persistance */,
				79004A7329F17CA30055DCBC /* Helper */,
				79004A6029F16E750055DCBC /* Models */,
				79004A6329F170570055DCBC /* Networking */,
				79004A7829F1885F0055DCBC /* Screens */,
				79004A8329F1E8990055DCBC /* Styles */,
				79004A5029F16D2C0055DCBC /* Preview Content */,
				79004A8929F1F7580055DCBC /* Views */,
			);
			path = WhatToEat;
			sourceTree = "<group>";
		};
		79004A5029F16D2C0055DCBC /* Preview Content */ = {
			isa = PBXGroup;
			children = (
				79004A5129F16D2C0055DCBC /* Preview Assets.xcassets */,
			);
			path = "Preview Content";
			sourceTree = "<group>";
		};
		79004A6029F16E750055DCBC /* Models */ = {
			isa = PBXGroup;
			children = (
				79FB93A829F53E7200F58CD3 /* DiataryPattern.swift */,
				79004A5E29F16DFE0055DCBC /* Recipe.swift */,
			);
			path = Models;
			sourceTree = "<group>";
		};
		79004A6329F170570055DCBC /* Networking */ = {
			isa = PBXGroup;
			children = (
				79004A7629F180590055DCBC /* DALLERequest.swift */,
				79004A6129F16EB20055DCBC /* GPTRequest.swift */,
			);
			path = Networking;
			sourceTree = "<group>";
		};
		79004A6B29F170FD0055DCBC /* WhatToEatTests */ = {
			isa = PBXGroup;
			children = (
				79004A6C29F170FD0055DCBC /* WhatToEatTests.swift */,
			);
			path = WhatToEatTests;
			sourceTree = "<group>";
		};
		79004A7329F17CA30055DCBC /* Helper */ = {
			isa = PBXGroup;
			children = (
				79004A7429F17CF20055DCBC /* JSONUtilities.swift */,
			);
			path = Helper;
			sourceTree = "<group>";
		};
		79004A7829F1885F0055DCBC /* Screens */ = {
			isa = PBXGroup;
			children = (
				79004A8129F1E8150055DCBC /* EatNowScreen.swift */,
				79004A7D29F1A1240055DCBC /* GeneratingRecipeScreen.swift */,
				79004A7B29F195F60055DCBC /* MakeRecipeScreen.swift */,
				79004A7F29F1E7BF0055DCBC /* ProfileScreen.swift */,
				79004A7929F188C70055DCBC /* RecipeScreen.swift */,
			);
			path = Screens;
			sourceTree = "<group>";
		};
		79004A8329F1E8990055DCBC /* Styles */ = {
			isa = PBXGroup;
			children = (
				79004A8429F1E8B90055DCBC /* TextStyles.swift */,
			);
			path = Styles;
			sourceTree = "<group>";
		};
		79004A8629F1EB030055DCBC /* Persistance */ = {
			isa = PBXGroup;
			children = (
				79004A5329F16D2C0055DCBC /* Persistence.swift */,
				79004A8729F1EC1A0055DCBC /* Persistance+Recipe.swift */,
				795F5EE429F6EA6300A3717B /* PersistanceController+Preview.swift */,
				79004A5529F16D2C0055DCBC /* WhatToEat.xcdatamodeld */,
			);
			path = Persistance;
			sourceTree = "<group>";
		};
		79004A8929F1F7580055DCBC /* Views */ = {
			isa = PBXGroup;
			children = (
				79004A8A29F1F77F0055DCBC /* RecipeCell.swift */,
			);
			path = Views;
			sourceTree = "<group>";
		};
/* End PBXGroup section */

/* Begin PBXNativeTarget section */
		79004A4629F16D2B0055DCBC /* WhatToEat */ = {
			isa = PBXNativeTarget;
			buildConfigurationList = 79004A5B29F16D2C0055DCBC /* Build configuration list for PBXNativeTarget "WhatToEat" */;
			buildPhases = (
				79004A4329F16D2B0055DCBC /* Sources */,
				79004A4429F16D2B0055DCBC /* Frameworks */,
				79004A4529F16D2B0055DCBC /* Resources */,
			);
			buildRules = (
			);
			dependencies = (
			);
			name = WhatToEat;
			productName = WhatToEat;
			productReference = 79004A4729F16D2B0055DCBC /* WhatToEat.app */;
			productType = "com.apple.product-type.application";
		};
		79004A6929F170FD0055DCBC /* WhatToEatTests */ = {
			isa = PBXNativeTarget;
			buildConfigurationList = 79004A7029F170FD0055DCBC /* Build configuration list for PBXNativeTarget "WhatToEatTests" */;
			buildPhases = (
				79004A6629F170FD0055DCBC /* Sources */,
				79004A6729F170FD0055DCBC /* Frameworks */,
				79004A6829F170FD0055DCBC /* Resources */,
			);
			buildRules = (
			);
			dependencies = (
				79004A6F29F170FD0055DCBC /* PBXTargetDependency */,
			);
			name = WhatToEatTests;
			productName = WhatToEatTests;
			productReference = 79004A6A29F170FD0055DCBC /* WhatToEatTests.xctest */;
			productType = "com.apple.product-type.bundle.unit-test";
		};
/* End PBXNativeTarget section */

/* Begin PBXProject section */
		79004A3F29F16D2B0055DCBC /* Project object */ = {
			isa = PBXProject;
			attributes = {
				BuildIndependentTargetsInParallel = 1;
				LastSwiftUpdateCheck = 1430;
				LastUpgradeCheck = 1430;
				TargetAttributes = {
					79004A4629F16D2B0055DCBC = {
						CreatedOnToolsVersion = 14.3;
					};
					79004A6929F170FD0055DCBC = {
						CreatedOnToolsVersion = 14.3;
						TestTargetID = 79004A4629F16D2B0055DCBC;
					};
				};
			};
			buildConfigurationList = 79004A4229F16D2B0055DCBC /* Build configuration list for PBXProject "WhatToEat" */;
			compatibilityVersion = "Xcode 14.0";
			developmentRegion = en;
			hasScannedForEncodings = 0;
			knownRegions = (
				en,
				Base,
			);
			mainGroup = 79004A3E29F16D2B0055DCBC;
			productRefGroup = 79004A4829F16D2B0055DCBC /* Products */;
			projectDirPath = "";
			projectRoot = "";
			targets = (
				79004A4629F16D2B0055DCBC /* WhatToEat */,
				79004A6929F170FD0055DCBC /* WhatToEatTests */,
			);
		};
/* End PBXProject section */

/* Begin PBXResourcesBuildPhase section */
		79004A4529F16D2B0055DCBC /* Resources */ = {
			isa = PBXResourcesBuildPhase;
			buildActionMask = 2147483647;
			files = (
				79004A5229F16D2C0055DCBC /* Preview Assets.xcassets in Resources */,
				79004A4F29F16D2C0055DCBC /* Assets.xcassets in Resources */,
			);
			runOnlyForDeploymentPostprocessing = 0;
		};
		79004A6829F170FD0055DCBC /* Resources */ = {
			isa = PBXResourcesBuildPhase;
			buildActionMask = 2147483647;
			files = (
			);
			runOnlyForDeploymentPostprocessing = 0;
		};
/* End PBXResourcesBuildPhase section */

/* Begin PBXSourcesBuildPhase section */
		79004A4329F16D2B0055DCBC /* Sources */ = {
			isa = PBXSourcesBuildPhase;
			buildActionMask = 2147483647;
			files = (
				79004A8B29F1F77F0055DCBC /* RecipeCell.swift in Sources */,
				79004A7729F180590055DCBC /* DALLERequest.swift in Sources */,
				795F5EE529F6EA6300A3717B /* PersistanceController+Preview.swift in Sources */,
				79004A5429F16D2C0055DCBC /* Persistence.swift in Sources */,
				79004A7C29F195F60055DCBC /* MakeRecipeScreen.swift in Sources */,
				79004A8229F1E8150055DCBC /* EatNowScreen.swift in Sources */,
				79004A7E29F1A1240055DCBC /* GeneratingRecipeScreen.swift in Sources */,
				79004A8029F1E7BF0055DCBC /* ProfileScreen.swift in Sources */,
				79004A8829F1EC1A0055DCBC /* Persistance+Recipe.swift in Sources */,
				79004A4B29F16D2B0055DCBC /* WhatToEatApp.swift in Sources */,
				79004A5729F16D2C0055DCBC /* WhatToEat.xcdatamodeld in Sources */,
				79004A5F29F16DFE0055DCBC /* Recipe.swift in Sources */,
				79FB93A929F53E7200F58CD3 /* DiataryPattern.swift in Sources */,
				79004A8529F1E8B90055DCBC /* TextStyles.swift in Sources */,
				79004A7A29F188C70055DCBC /* RecipeScreen.swift in Sources */,
				79004A7529F17CF20055DCBC /* JSONUtilities.swift in Sources */,
				79004A6229F16EB20055DCBC /* GPTRequest.swift in Sources */,
			);
			runOnlyForDeploymentPostprocessing = 0;
		};
		79004A6629F170FD0055DCBC /* Sources */ = {
			isa = PBXSourcesBuildPhase;
			buildActionMask = 2147483647;
			files = (
				79004A6D29F170FD0055DCBC /* WhatToEatTests.swift in Sources */,
			);
			runOnlyForDeploymentPostprocessing = 0;
		};
/* End PBXSourcesBuildPhase section */

/* Begin PBXTargetDependency section */
		79004A6F29F170FD0055DCBC /* PBXTargetDependency */ = {
			isa = PBXTargetDependency;
			target = 79004A4629F16D2B0055DCBC /* WhatToEat */;
			targetProxy = 79004A6E29F170FD0055DCBC /* PBXContainerItemProxy */;
		};
/* End PBXTargetDependency section */

/* Begin XCBuildConfiguration section */
		79004A5929F16D2C0055DCBC /* Debug */ = {
			isa = XCBuildConfiguration;
			buildSettings = {
				ALWAYS_SEARCH_USER_PATHS = NO;
				CLANG_ANALYZER_NONNULL = YES;
				CLANG_ANALYZER_NUMBER_OBJECT_CONVERSION = YES_AGGRESSIVE;
				CLANG_CXX_LANGUAGE_STANDARD = "gnu++20";
				CLANG_ENABLE_MODULES = YES;
				CLANG_ENABLE_OBJC_ARC = YES;
				CLANG_ENABLE_OBJC_WEAK = YES;
				CLANG_WARN_BLOCK_CAPTURE_AUTORELEASING = YES;
				CLANG_WARN_BOOL_CONVERSION = YES;
				CLANG_WARN_COMMA = YES;
				CLANG_WARN_CONSTANT_CONVERSION = YES;
				CLANG_WARN_DEPRECATED_OBJC_IMPLEMENTATIONS = YES;
				CLANG_WARN_DIRECT_OBJC_ISA_USAGE = YES_ERROR;
				CLANG_WARN_DOCUMENTATION_COMMENTS = YES;
				CLANG_WARN_EMPTY_BODY = YES;
				CLANG_WARN_ENUM_CONVERSION = YES;
				CLANG_WARN_INFINITE_RECURSION = YES;
				CLANG_WARN_INT_CONVERSION = YES;
				CLANG_WARN_NON_LITERAL_NULL_CONVERSION = YES;
				CLANG_WARN_OBJC_IMPLICIT_RETAIN_SELF = YES;
				CLANG_WARN_OBJC_LITERAL_CONVERSION = YES;
				CLANG_WARN_OBJC_ROOT_CLASS = YES_ERROR;
				CLANG_WARN_QUOTED_INCLUDE_IN_FRAMEWORK_HEADER = YES;
				CLANG_WARN_RANGE_LOOP_ANALYSIS = YES;
				CLANG_WARN_STRICT_PROTOTYPES = YES;
				CLANG_WARN_SUSPICIOUS_MOVE = YES;
				CLANG_WARN_UNGUARDED_AVAILABILITY = YES_AGGRESSIVE;
				CLANG_WARN_UNREACHABLE_CODE = YES;
				CLANG_WARN__DUPLICATE_METHOD_MATCH = YES;
				COPY_PHASE_STRIP = NO;
				DEBUG_INFORMATION_FORMAT = dwarf;
				ENABLE_STRICT_OBJC_MSGSEND = YES;
				ENABLE_TESTABILITY = YES;
				GCC_C_LANGUAGE_STANDARD = gnu11;
				GCC_DYNAMIC_NO_PIC = NO;
				GCC_NO_COMMON_BLOCKS = YES;
				GCC_OPTIMIZATION_LEVEL = 0;
				GCC_PREPROCESSOR_DEFINITIONS = (
					"DEBUG=1",
					"$(inherited)",
				);
				GCC_WARN_64_TO_32_BIT_CONVERSION = YES;
				GCC_WARN_ABOUT_RETURN_TYPE = YES_ERROR;
				GCC_WARN_UNDECLARED_SELECTOR = YES;
				GCC_WARN_UNINITIALIZED_AUTOS = YES_AGGRESSIVE;
				GCC_WARN_UNUSED_FUNCTION = YES;
				GCC_WARN_UNUSED_VARIABLE = YES;
				IPHONEOS_DEPLOYMENT_TARGET = 16.0;
				MTL_ENABLE_DEBUG_INFO = INCLUDE_SOURCE;
				MTL_FAST_MATH = YES;
				ONLY_ACTIVE_ARCH = YES;
				SDKROOT = iphoneos;
				SWIFT_ACTIVE_COMPILATION_CONDITIONS = DEBUG;
				SWIFT_OPTIMIZATION_LEVEL = "-Onone";
			};
			name = Debug;
		};
		79004A5A29F16D2C0055DCBC /* Release */ = {
			isa = XCBuildConfiguration;
			buildSettings = {
				ALWAYS_SEARCH_USER_PATHS = NO;
				CLANG_ANALYZER_NONNULL = YES;
				CLANG_ANALYZER_NUMBER_OBJECT_CONVERSION = YES_AGGRESSIVE;
				CLANG_CXX_LANGUAGE_STANDARD = "gnu++20";
				CLANG_ENABLE_MODULES = YES;
				CLANG_ENABLE_OBJC_ARC = YES;
				CLANG_ENABLE_OBJC_WEAK = YES;
				CLANG_WARN_BLOCK_CAPTURE_AUTORELEASING = YES;
				CLANG_WARN_BOOL_CONVERSION = YES;
				CLANG_WARN_COMMA = YES;
				CLANG_WARN_CONSTANT_CONVERSION = YES;
				CLANG_WARN_DEPRECATED_OBJC_IMPLEMENTATIONS = YES;
				CLANG_WARN_DIRECT_OBJC_ISA_USAGE = YES_ERROR;
				CLANG_WARN_DOCUMENTATION_COMMENTS = YES;
				CLANG_WARN_EMPTY_BODY = YES;
				CLANG_WARN_ENUM_CONVERSION = YES;
				CLANG_WARN_INFINITE_RECURSION = YES;
				CLANG_WARN_INT_CONVERSION = YES;
				CLANG_WARN_NON_LITERAL_NULL_CONVERSION = YES;
				CLANG_WARN_OBJC_IMPLICIT_RETAIN_SELF = YES;
				CLANG_WARN_OBJC_LITERAL_CONVERSION = YES;
				CLANG_WARN_OBJC_ROOT_CLASS = YES_ERROR;
				CLANG_WARN_QUOTED_INCLUDE_IN_FRAMEWORK_HEADER = YES;
				CLANG_WARN_RANGE_LOOP_ANALYSIS = YES;
				CLANG_WARN_STRICT_PROTOTYPES = YES;
				CLANG_WARN_SUSPICIOUS_MOVE = YES;
				CLANG_WARN_UNGUARDED_AVAILABILITY = YES_AGGRESSIVE;
				CLANG_WARN_UNREACHABLE_CODE = YES;
				CLANG_WARN__DUPLICATE_METHOD_MATCH = YES;
				COPY_PHASE_STRIP = NO;
				DEBUG_INFORMATION_FORMAT = "dwarf-with-dsym";
				ENABLE_NS_ASSERTIONS = NO;
				ENABLE_STRICT_OBJC_MSGSEND = YES;
				GCC_C_LANGUAGE_STANDARD = gnu11;
				GCC_NO_COMMON_BLOCKS = YES;
				GCC_WARN_64_TO_32_BIT_CONVERSION = YES;
				GCC_WARN_ABOUT_RETURN_TYPE = YES_ERROR;
				GCC_WARN_UNDECLARED_SELECTOR = YES;
				GCC_WARN_UNINITIALIZED_AUTOS = YES_AGGRESSIVE;
				GCC_WARN_UNUSED_FUNCTION = YES;
				GCC_WARN_UNUSED_VARIABLE = YES;
				IPHONEOS_DEPLOYMENT_TARGET = 16.0;
				MTL_ENABLE_DEBUG_INFO = NO;
				MTL_FAST_MATH = YES;
				SDKROOT = iphoneos;
				SWIFT_COMPILATION_MODE = wholemodule;
				SWIFT_OPTIMIZATION_LEVEL = "-O";
				VALIDATE_PRODUCT = YES;
			};
			name = Release;
		};
		79004A5C29F16D2C0055DCBC /* Debug */ = {
			isa = XCBuildConfiguration;
			buildSettings = {
				ASSETCATALOG_COMPILER_APPICON_NAME = AppIcon;
				ASSETCATALOG_COMPILER_GLOBAL_ACCENT_COLOR_NAME = AccentColor;
				CODE_SIGN_STYLE = Automatic;
				CURRENT_PROJECT_VERSION = 1;
				DEVELOPMENT_ASSET_PATHS = "\"WhatToEat/Preview Content\"";
				DEVELOPMENT_TEAM = S2F6F7JZ8C;
				ENABLE_PREVIEWS = YES;
				GENERATE_INFOPLIST_FILE = YES;
				INFOPLIST_KEY_UIApplicationSceneManifest_Generation = YES;
				INFOPLIST_KEY_UIApplicationSupportsIndirectInputEvents = YES;
				INFOPLIST_KEY_UILaunchScreen_Generation = YES;
				INFOPLIST_KEY_UISupportedInterfaceOrientations_iPad = "UIInterfaceOrientationPortrait UIInterfaceOrientationPortraitUpsideDown UIInterfaceOrientationLandscapeLeft UIInterfaceOrientationLandscapeRight";
				INFOPLIST_KEY_UISupportedInterfaceOrientations_iPhone = "UIInterfaceOrientationPortrait UIInterfaceOrientationLandscapeLeft UIInterfaceOrientationLandscapeRight";
				IPHONEOS_DEPLOYMENT_TARGET = 16.0;
				LD_RUNPATH_SEARCH_PATHS = (
					"$(inherited)",
					"@executable_path/Frameworks",
				);
				MARKETING_VERSION = 1.0;
				PRODUCT_BUNDLE_IDENTIFIER = com.kaibel.WhatToEat;
				PRODUCT_NAME = "$(TARGET_NAME)";
				SWIFT_EMIT_LOC_STRINGS = YES;
				SWIFT_VERSION = 5.0;
				TARGETED_DEVICE_FAMILY = "1,2";
			};
			name = Debug;
		};
		79004A5D29F16D2C0055DCBC /* Release */ = {
			isa = XCBuildConfiguration;
			buildSettings = {
				ASSETCATALOG_COMPILER_APPICON_NAME = AppIcon;
				ASSETCATALOG_COMPILER_GLOBAL_ACCENT_COLOR_NAME = AccentColor;
				CODE_SIGN_STYLE = Automatic;
				CURRENT_PROJECT_VERSION = 1;
				DEVELOPMENT_ASSET_PATHS = "\"WhatToEat/Preview Content\"";
				DEVELOPMENT_TEAM = S2F6F7JZ8C;
				ENABLE_PREVIEWS = YES;
				GENERATE_INFOPLIST_FILE = YES;
				INFOPLIST_KEY_UIApplicationSceneManifest_Generation = YES;
				INFOPLIST_KEY_UIApplicationSupportsIndirectInputEvents = YES;
				INFOPLIST_KEY_UILaunchScreen_Generation = YES;
				INFOPLIST_KEY_UISupportedInterfaceOrientations_iPad = "UIInterfaceOrientationPortrait UIInterfaceOrientationPortraitUpsideDown UIInterfaceOrientationLandscapeLeft UIInterfaceOrientationLandscapeRight";
				INFOPLIST_KEY_UISupportedInterfaceOrientations_iPhone = "UIInterfaceOrientationPortrait UIInterfaceOrientationLandscapeLeft UIInterfaceOrientationLandscapeRight";
				IPHONEOS_DEPLOYMENT_TARGET = 16.0;
				LD_RUNPATH_SEARCH_PATHS = (
					"$(inherited)",
					"@executable_path/Frameworks",
				);
				MARKETING_VERSION = 1.0;
				PRODUCT_BUNDLE_IDENTIFIER = com.kaibel.WhatToEat;
				PRODUCT_NAME = "$(TARGET_NAME)";
				SWIFT_EMIT_LOC_STRINGS = YES;
				SWIFT_VERSION = 5.0;
				TARGETED_DEVICE_FAMILY = "1,2";
			};
			name = Release;
		};
		79004A7129F170FD0055DCBC /* Debug */ = {
			isa = XCBuildConfiguration;
			buildSettings = {
				BUNDLE_LOADER = "$(TEST_HOST)";
				CODE_SIGN_STYLE = Automatic;
				CURRENT_PROJECT_VERSION = 1;
				DEVELOPMENT_TEAM = S2F6F7JZ8C;
				GENERATE_INFOPLIST_FILE = YES;
				IPHONEOS_DEPLOYMENT_TARGET = 16.0;
				MARKETING_VERSION = 1.0;
				PRODUCT_BUNDLE_IDENTIFIER = com.kaibel.WhatToEatTests;
				PRODUCT_NAME = "$(TARGET_NAME)";
				SWIFT_EMIT_LOC_STRINGS = NO;
				SWIFT_VERSION = 5.0;
				TARGETED_DEVICE_FAMILY = "1,2";
				TEST_HOST = "$(BUILT_PRODUCTS_DIR)/WhatToEat.app/$(BUNDLE_EXECUTABLE_FOLDER_PATH)/WhatToEat";
			};
			name = Debug;
		};
		79004A7229F170FD0055DCBC /* Release */ = {
			isa = XCBuildConfiguration;
			buildSettings = {
				BUNDLE_LOADER = "$(TEST_HOST)";
				CODE_SIGN_STYLE = Automatic;
				CURRENT_PROJECT_VERSION = 1;
				DEVELOPMENT_TEAM = S2F6F7JZ8C;
				GENERATE_INFOPLIST_FILE = YES;
				IPHONEOS_DEPLOYMENT_TARGET = 16.0;
				MARKETING_VERSION = 1.0;
				PRODUCT_BUNDLE_IDENTIFIER = com.kaibel.WhatToEatTests;
				PRODUCT_NAME = "$(TARGET_NAME)";
				SWIFT_EMIT_LOC_STRINGS = NO;
				SWIFT_VERSION = 5.0;
				TARGETED_DEVICE_FAMILY = "1,2";
				TEST_HOST = "$(BUILT_PRODUCTS_DIR)/WhatToEat.app/$(BUNDLE_EXECUTABLE_FOLDER_PATH)/WhatToEat";
			};
			name = Release;
		};
/* End XCBuildConfiguration section */

/* Begin XCConfigurationList section */
		79004A4229F16D2B0055DCBC /* Build configuration list for PBXProject "WhatToEat" */ = {
			isa = XCConfigurationList;
			buildConfigurations = (
				79004A5929F16D2C0055DCBC /* Debug */,
				79004A5A29F16D2C0055DCBC /* Release */,
			);
			defaultConfigurationIsVisible = 0;
			defaultConfigurationName = Release;
		};
		79004A5B29F16D2C0055DCBC /* Build configuration list for PBXNativeTarget "WhatToEat" */ = {
			isa = XCConfigurationList;
			buildConfigurations = (
				79004A5C29F16D2C0055DCBC /* Debug */,
				79004A5D29F16D2C0055DCBC /* Release */,
			);
			defaultConfigurationIsVisible = 0;
			defaultConfigurationName = Release;
		};
		79004A7029F170FD0055DCBC /* Build configuration list for PBXNativeTarget "WhatToEatTests" */ = {
			isa = XCConfigurationList;
			buildConfigurations = (
				79004A7129F170FD0055DCBC /* Debug */,
				79004A7229F170FD0055DCBC /* Release */,
			);
			defaultConfigurationIsVisible = 0;
			defaultConfigurationName = Release;
		};
/* End XCConfigurationList section */

/* Begin XCVersionGroup section */
		79004A5529F16D2C0055DCBC /* WhatToEat.xcdatamodeld */ = {
			isa = XCVersionGroup;
			children = (
				79004A5629F16D2C0055DCBC /* WhatToEat.xcdatamodel */,
			);
			currentVersion = 79004A5629F16D2C0055DCBC /* WhatToEat.xcdatamodel */;
			path = WhatToEat.xcdatamodeld;
			sourceTree = "<group>";
			versionGroupType = wrapper.xcdatamodel;
		};
/* End XCVersionGroup section */
	};
	rootObject = 79004A3F29F16D2B0055DCBC /* Project object */;
}
